
Microsoft Visual Studio Solution File, Format Version 12.00
# Visual Studio Version 16
VisualStudioVersion = 16.0.31321.278
MinimumVisualStudioVersion = 10.0.40219.1
Project("{FAE04EC0-301F-11D3-BF4B-00C04F79EFBC}") = "BookStore", "BookStore.csproj", "{82CF7E0A-96D7-41B5-9D07-394DAB44CEF5}"
EndProject
Global
	GlobalSection(SolutionConfigurationPlatforms) = preSolution
		Debug|Any CPU = Debug|Any CPU
		Release|Any CPU = Release|Any CPU
	EndGlobalSection
	GlobalSection(ProjectConfigurationPlatforms) = postSolution
		{82CF7E0A-96D7-41B5-9D07-394DAB44CEF5}.Debug|Any CPU.ActiveCfg = Debug|Any CPU
		{82CF7E0A-96D7-41B5-9D07-394DAB44CEF5}.Debug|Any CPU.Build.0 = Debug|Any CPU
		{82CF7E0A-96D7-41B5-9D07-394DAB44CEF5}.Release|Any CPU.ActiveCfg = Release|Any CPU
		{82CF7E0A-96D7-41B5-9D07-394DAB44CEF5}.Release|Any CPU.Build.0 = Release|Any CPU
	EndGlobalSection
	GlobalSection(SolutionProperties) = preSolution
		HideSolutionNode = FALSE
	EndGlobalSection
	GlobalSection(ExtensibilityGlobals) = postSolution
		SolutionGuid = {34550FF3-E7E3-470E-AAA4-6C9E09C7184C}
	EndGlobalSection
EndGlobal
